{
    "_readme": [
        "This file locks the dependencies of your project to a known state",
        "Read more about it at https://getcomposer.org/doc/01-basic-usage.md#installing-dependencies",
        "This file is @generated automatically"
    ],
    "content-hash": "cc78cd70f56ac009fb7afb748a3714ed",
    "packages": [
        {
            "name": "benlumia007/backdrop",
            "version": "2.0.0",
            "source": {
                "type": "git",
                "url": "https://github.com/benlumia007/backdrop.git",
                "reference": "c6db51d6a886e196b545d5dae18b3e25fd447b36"
            },
            "dist": {
                "type": "zip",
                "url": "https://api.github.com/repos/benlumia007/backdrop/zipball/c6db51d6a886e196b545d5dae18b3e25fd447b36",
                "reference": "c6db51d6a886e196b545d5dae18b3e25fd447b36",
                "shasum": ""
            },
            "require": {
                "benlumia007/backdrop-contracts": "^1.0",
                "php": ">=7.0"
            },
            "type": "library",
            "autoload": {
                "files": [
                    "src/functions-helpers.php"
                ],
                "psr-4": {
                    "Backdrop\\": "src/"
                }
            },
            "notification-url": "https://packagist.org/downloads/",
            "license": [
                "GPL-2.0-or-later"
            ],
            "authors": [
                {
                    "name": "Benjamin Lu",
                    "email": "benlumia007@gmail.com",
                    "homepage": "https://benjlu.com",
                    "role": "Developer"
                }
            ],
            "description": "A core that helps you build amazing themes",
            "homepage": "https://github.com/benlumia007/backdrop",
            "keywords": [
                "wordpress"
            ],
            "support": {
                "issues": "https://github.com/benlumia007/backdrop/issues",
                "source": "https://github.com/benlumia007/backdrop/tree/2.0.0"
            },
            "time": "2023-01-22T09:08:30+00:00"
        },
        {
            "name": "benlumia007/backdrop-contracts",
            "version": "1.0.0",
            "source": {
                "type": "git",
                "url": "https://github.com/benlumia007/backdrop-contracts.git",
                "reference": "c20d73a703fab3907e5f428bef8d6276434b9bb3"
            },
            "dist": {
                "type": "zip",
                "url": "https://api.github.com/repos/benlumia007/backdrop-contracts/zipball/c20d73a703fab3907e5f428bef8d6276434b9bb3",
                "reference": "c20d73a703fab3907e5f428bef8d6276434b9bb3",
                "shasum": ""
            },
            "require": {
                "php": ">=7.0"
            },
            "type": "library",
            "autoload": {
                "psr-4": {
                    "Backdrop\\Contracts\\": "src"
                }
            },
            "notification-url": "https://packagist.org/downloads/",
            "license": [
                "GPL-2.0-or-later"
            ],
            "authors": [
                {
                    "name": "Benjamin Lu",
                    "email": "benlumia007@gmail.com",
                    "homepage": "https://benjlu.com",
                    "role": "Developer"
                }
            ],
            "description": "Backdrop Contracts for Backdrop framework.",
            "homepage": "https://github.com/benlumia007/backdrop-contracts",
            "keywords": [
                "classicpress",
                "wordpress"
            ],
            "support": {
                "issues": "https://github.com/benlumia007/backdrop-contracts/issues",
                "source": "https://github.com/benlumia007/backdrop-contracts/tree/1.0.0"
            },
            "time": "2023-01-19T21:53:55+00:00"
        },
        {
            "name": "benlumia007/backdrop-customize",
            "version": "v1.0.0.x-dev",
            "source": {
                "type": "git",
                "url": "https://github.com/benlumia007/backdrop-customize.git",
                "reference": "be5182e5270afb106775a85d55a0ee82d7504835"
            },
            "dist": {
                "type": "zip",
                "url": "https://api.github.com/repos/benlumia007/backdrop-customize/zipball/be5182e5270afb106775a85d55a0ee82d7504835",
                "reference": "be5182e5270afb106775a85d55a0ee82d7504835",
                "shasum": ""
            },
            "require": {
                "benlumia007/backdrop": "^2.0",
                "php": ">=7.0"
            },
            "default-branch": true,
            "type": "library",
            "autoload": {
                "psr-4": {
                    "Backdrop\\Customize\\": "src/"
                }
            },
            "notification-url": "https://packagist.org/downloads/",
            "license": [
                "GPL-2.0-or-later"
            ],
            "authors": [
                {
                    "name": "Benjamin Lu",
                    "email": "benlumia007@gmail.com",
                    "homepage": "https://benjlu.com",
                    "role": "Developer"
                }
            ],
            "description": "A core that helps you build amazing themes",
            "homepage": "https://github.com/benlumia007/backdrop-customize",
            "keywords": [
                "wordpress"
            ],
            "support": {
                "issues": "https://github.com/benlumia007/backdrop-customize/issues",
                "source": "https://github.com/benlumia007/backdrop-customize/tree/v1.0.0"
            },
            "time": "2023-01-26T00:46:38+00:00"
        },
        {
            "name": "benlumia007/backdrop-fontawesome",
            "version": "v1.0.0.x-dev",
            "source": {
                "type": "git",
                "url": "https://github.com/benlumia007/backdrop-fontawesome.git",
                "reference": "7a0a6f0afab2ae1c53ea33e8caa88425b501dc9b"
            },
            "dist": {
                "type": "zip",
                "url": "https://api.github.com/repos/benlumia007/backdrop-fontawesome/zipball/7a0a6f0afab2ae1c53ea33e8caa88425b501dc9b",
                "reference": "7a0a6f0afab2ae1c53ea33e8caa88425b501dc9b",
                "shasum": ""
            },
            "require": {
                "php": ">=7.0"
            },
            "default-branch": true,
            "type": "library",
            "autoload": {
                "psr-4": {
                    "Backdrop\\FontAwesome\\": "src/"
                }
            },
            "notification-url": "https://packagist.org/downloads/",
            "license": [
                "GPL-2.0-or-later"
            ],
            "authors": [
                {
                    "name": "Benjamin Lu",
                    "email": "benlumia007@gmail.com",
                    "homepage": "https://benjlu.com",
                    "role": "Developer"
                }
            ],
            "description": "A core that helps you build amazing themes",
            "homepage": "https://github.com/benlumia007/backdrop-fontawesome",
            "keywords": [
                "wordpress"
            ],
            "support": {
                "issues": "https://github.com/benlumia007/backdrop-fontawesome/issues",
                "source": "https://github.com/benlumia007/backdrop-fontawesome/tree/v1.0.0"
            },
            "time": "2023-01-20T15:47:52+00:00"
        },
        {
            "name": "benlumia007/backdrop-fonts",
            "version": "v1.0.0.x-dev",
            "source": {
                "type": "git",
                "url": "https://github.com/benlumia007/backdrop-fonts.git",
                "reference": "58647d5c491f34bf49f8b606044acdb3a3702af5"
            },
            "dist": {
                "type": "zip",
                "url": "https://api.github.com/repos/benlumia007/backdrop-fonts/zipball/58647d5c491f34bf49f8b606044acdb3a3702af5",
                "reference": "58647d5c491f34bf49f8b606044acdb3a3702af5",
                "shasum": ""
            },
            "require": {
                "php": ">=7.0"
            },
            "default-branch": true,
            "type": "library",
            "autoload": {
                "psr-4": {
                    "Backdrop\\Fonts\\": "src/"
                }
            },
            "notification-url": "https://packagist.org/downloads/",
            "license": [
                "GPL-2.0-or-later"
            ],
            "authors": [
                {
                    "name": "Benjamin Lu",
                    "email": "benlumia007@gmail.com",
                    "homepage": "https://benjlu.com",
                    "role": "Developer"
                }
            ],
            "description": "A core that helps you build amazing themes",
            "homepage": "https://github.com/benlumia007/backdrop-googlefonts",
            "keywords": [
                "wordpress"
            ],
            "support": {
                "issues": "https://github.com/benlumia007/backdrop-fonts/issues",
                "source": "https://github.com/benlumia007/backdrop-fonts/tree/v1.0.0"
            },
            "time": "2023-01-20T15:49:36+00:00"
        },
        {
            "name": "benlumia007/backdrop-template",
            "version": "dev-develop",
            "source": {
                "type": "git",
                "url": "https://github.com/benlumia007/backdrop-template.git",
                "reference": "eb36ddef2a5b85b6b7717a135a9f1cf6bff89b05"
            },
            "dist": {
                "type": "zip",
                "url": "https://api.github.com/repos/benlumia007/backdrop-template/zipball/eb36ddef2a5b85b6b7717a135a9f1cf6bff89b05",
                "reference": "eb36ddef2a5b85b6b7717a135a9f1cf6bff89b05",
                "shasum": ""
            },
            "require": {
                "benlumia007/backdrop": "^2.0",
                "benlumia007/backdrop-template-helpers": "^1.0",
                "benlumia007/backdrop-tools": "^1.0",
                "php": ">=7.0"
            },
            "default-branch": true,
            "type": "library",
            "autoload": {
                "files": [
                    "src/View/functions-view.php"
                ],
                "psr-4": {
                    "Backdrop\\Template\\": "src"
                }
            },
            "notification-url": "https://packagist.org/downloads/",
            "license": [
                "GPL-2.0-or-later"
            ],
            "authors": [
                {
                    "name": "Benjamin Lu",
                    "email": "benlumia007@gmail.com",
                    "homepage": "https://benjlu.com",
                    "role": "Developer"
                }
            ],
            "description": "A system for providing flexible template hierarchy and custom templates for ClassicPress and WordPress.",
            "homepage": "https://github.com/benlumia007/backdrop-template",
            "keywords": [
                "classicpress",
                "wordpress"
            ],
            "support": {
                "issues": "https://github.com/benlumia007/backdrop-template/issues",
                "source": "https://github.com/benlumia007/backdrop-template/tree/develop"
            },
            "time": "2023-01-24T05:54:26+00:00"
        },
        {
            "name": "benlumia007/backdrop-template-helpers",
            "version": "1.0.0",
            "source": {
                "type": "git",
                "url": "https://github.com/benlumia007/backdrop-template-helpers.git",
                "reference": "0e9776c6b4b3624b0a6798d7c9310d772b2e1989"
            },
            "dist": {
                "type": "zip",
                "url": "https://api.github.com/repos/benlumia007/backdrop-template-helpers/zipball/0e9776c6b4b3624b0a6798d7c9310d772b2e1989",
                "reference": "0e9776c6b4b3624b0a6798d7c9310d772b2e1989",
                "shasum": ""
            },
            "require": {
                "php": ">=7.0"
            },
            "type": "library",
            "autoload": {
                "files": [
                    "src/functions-helpers.php"
                ],
                "psr-4": {
                    "Backdrop\\Template\\Helpers\\": "src/"
                }
            },
            "notification-url": "https://packagist.org/downloads/",
            "license": [
                "GPL-2.0-or-later"
            ],
            "authors": [
                {
                    "name": "Benjamin Lu",
                    "email": "benlumia007@gmail.com",
                    "homepage": "https://benjlu.com",
                    "role": "Developer"
                }
            ],
            "description": "A core that helps you build amazing themes",
            "homepage": "https://github.com/benlumia007/backdrop-template-helpers",
            "keywords": [
                "wordpress"
            ],
            "support": {
                "issues": "https://github.com/benlumia007/backdrop-template-helpers/issues",
                "source": "https://github.com/benlumia007/backdrop-template-helpers/tree/1.0.0"
            },
            "time": "2023-01-23T16:40:07+00:00"
        },
        {
            "name": "benlumia007/backdrop-theme",
            "version": "v1.0.0.x-dev",
            "source": {
                "type": "git",
                "url": "https://github.com/benlumia007/backdrop-theme.git",
                "reference": "79e80c6fd1d71269af5fc8e7e4c9f924f2bdbd97"
            },
            "dist": {
                "type": "zip",
                "url": "https://api.github.com/repos/benlumia007/backdrop-theme/zipball/79e80c6fd1d71269af5fc8e7e4c9f924f2bdbd97",
                "reference": "79e80c6fd1d71269af5fc8e7e4c9f924f2bdbd97",
                "shasum": ""
            },
            "require": {
                "php": ">=7.0"
            },
            "default-branch": true,
            "type": "library",
            "autoload": {
                "files": [
                    "src/Menu/functions-menu.php",
                    "src/Sidebar/functions-sidebar.php",
                    "src/functions-filters.php",
                    "src/functions-setup.php"
                ],
                "psr-4": {
                    "Backdrop\\Theme\\": "src/"
                }
            },
            "notification-url": "https://packagist.org/downloads/",
            "license": [
                "GPL-2.0-or-later"
            ],
            "authors": [
                {
                    "name": "Benjamin Lu",
                    "email": "benlumia007@gmail.com",
                    "homepage": "https://benjlu.com",
                    "role": "Developer"
                }
            ],
            "description": "A core that helps you build amazing themes",
            "homepage": "https://github.com/benlumia007/backdrop-theme",
            "keywords": [
                "wordpress"
            ],
            "support": {
                "issues": "https://github.com/benlumia007/backdrop-theme/issues",
                "source": "https://github.com/benlumia007/backdrop-theme/tree/v1.0.0"
            },
            "time": "2023-01-26T00:30:13+00:00"
        },
        {
            "name": "benlumia007/backdrop-tools",
            "version": "1.0.0",
            "source": {
                "type": "git",
                "url": "https://github.com/benlumia007/backdrop-tools.git",
                "reference": "20aabb07c7c832257b9066b29966ce3bacda5924"
            },
            "dist": {
                "type": "zip",
                "url": "https://api.github.com/repos/benlumia007/backdrop-tools/zipball/20aabb07c7c832257b9066b29966ce3bacda5924",
                "reference": "20aabb07c7c832257b9066b29966ce3bacda5924",
                "shasum": ""
            },
            "require": {
                "php": ">=7.0"
            },
            "type": "library",
            "autoload": {
                "psr-4": {
                    "Backdrop\\Tools\\": "src/"
                }
            },
            "notification-url": "https://packagist.org/downloads/",
            "license": [
                "GPL-2.0-or-later"
            ],
            "authors": [
                {
                    "name": "Benjamin Lu",
                    "email": "benlumia007@gmail.com",
                    "homepage": "https://benjlu.com",
                    "role": "Developer"
                }
            ],
            "description": "A core that helps you build amazing themes",
            "homepage": "https://github.com/benlumia007/backdrop-tools",
            "keywords": [
                "wordpress"
            ],
            "support": {
                "issues": "https://github.com/benlumia007/backdrop-tools/issues",
                "source": "https://github.com/benlumia007/backdrop-tools/tree/1.0.0"
            },
            "time": "2023-01-19T23:57:25+00:00"
        }
    ],
    "packages-dev": [],
    "aliases": [],
    "minimum-stability": "stable",
    "stability-flags": {
        "benlumia007/backdrop-customize": 20,
        "benlumia007/backdrop-fontawesome": 20,
        "benlumia007/backdrop-fonts": 20,
        "benlumia007/backdrop-template": 20,
        "benlumia007/backdrop-theme": 20
    },
    "prefer-stable": false,
    "prefer-lowest": false,
    "platform": {
        "php": ">=7.0"
    },
    "platform-dev": [],
    "plugin-api-version": "2.2.0"
}
